// !$*UTF8*$!
{
	archiveVersion = 1;
	classes = {
	};
	objectVersion = 52;
	objects = {

/* Begin PBXBuildFile section */
		524FC30823DC7B3100DF2BF2 /* CollectionsCell.swift in Sources */ = {isa = PBXBuildFile; fileRef = 524FC30723DC7B3100DF2BF2 /* CollectionsCell.swift */; };
		524FC30A23DC7BF200DF2BF2 /* Extensions.swift in Sources */ = {isa = PBXBuildFile; fileRef = 524FC30923DC7BF200DF2BF2 /* Extensions.swift */; };
		524FC30D23DCB43600DF2BF2 /* SwapVC.swift in Sources */ = {isa = PBXBuildFile; fileRef = 524FC30C23DCB43600DF2BF2 /* SwapVC.swift */; };
		524FC30F23DCB47400DF2BF2 /* ExploreVC.swift in Sources */ = {isa = PBXBuildFile; fileRef = 524FC30E23DCB47400DF2BF2 /* ExploreVC.swift */; };
		524FC31123DCB66100DF2BF2 /* TabController.swift in Sources */ = {isa = PBXBuildFile; fileRef = 524FC31023DCB66100DF2BF2 /* TabController.swift */; };
		52873A1323D9CC6E00E0617F /* AppDelegate.swift in Sources */ = {isa = PBXBuildFile; fileRef = 52873A1223D9CC6E00E0617F /* AppDelegate.swift */; };
		52873A1523D9CC6E00E0617F /* SceneDelegate.swift in Sources */ = {isa = PBXBuildFile; fileRef = 52873A1423D9CC6E00E0617F /* SceneDelegate.swift */; };
		52873A1723D9CC6E00E0617F /* LoginVC.swift in Sources */ = {isa = PBXBuildFile; fileRef = 52873A1623D9CC6E00E0617F /* LoginVC.swift */; };
		52873A1C23D9CC6F00E0617F /* Assets.xcassets in Resources */ = {isa = PBXBuildFile; fileRef = 52873A1B23D9CC6F00E0617F /* Assets.xcassets */; };
		52873A1F23D9CC6F00E0617F /* LaunchScreen.storyboard in Resources */ = {isa = PBXBuildFile; fileRef = 52873A1D23D9CC6F00E0617F /* LaunchScreen.storyboard */; };
		52873A2823D9D02E00E0617F /* LBTATools in Frameworks */ = {isa = PBXBuildFile; productRef = 52873A2723D9D02E00E0617F /* LBTATools */; };
		5297F88F23DB33D50018CFC7 /* SignupVC.swift in Sources */ = {isa = PBXBuildFile; fileRef = 5297F88E23DB33D50018CFC7 /* SignupVC.swift */; };
		5297F89123DB49410018CFC7 /* MainVC.swift in Sources */ = {isa = PBXBuildFile; fileRef = 5297F89023DB49410018CFC7 /* MainVC.swift */; };
		5297F89323DB694A0018CFC7 /* millie.jpg in Resources */ = {isa = PBXBuildFile; fileRef = 5297F89223DB69490018CFC7 /* millie.jpg */; };
		5297F89523DB6CFF0018CFC7 /* UserProfileVC.swift in Sources */ = {isa = PBXBuildFile; fileRef = 5297F89423DB6CFF0018CFC7 /* UserProfileVC.swift */; };
		529A4E4823D9FB9E00EE84D6 /* Billabong.ttf in Resources */ = {isa = PBXBuildFile; fileRef = 529A4E4723D9FB9E00EE84D6 /* Billabong.ttf */; };
		529A4E4A23D9FBAC00EE84D6 /* BunchBlossomsPersonalUse-0nA4.ttf in Resources */ = {isa = PBXBuildFile; fileRef = 529A4E4923D9FBAC00EE84D6 /* BunchBlossomsPersonalUse-0nA4.ttf */; };
		529A4E4D23DA047500EE84D6 /* balance.jpg in Resources */ = {isa = PBXBuildFile; fileRef = 529A4E4C23DA047500EE84D6 /* balance.jpg */; };
		529A4E4F23DA0CDE00EE84D6 /* AbstractDark.jpg in Resources */ = {isa = PBXBuildFile; fileRef = 529A4E4E23DA0CDE00EE84D6 /* AbstractDark.jpg */; };
		529A4E5123DA0CE900EE84D6 /* paint.jpg in Resources */ = {isa = PBXBuildFile; fileRef = 529A4E5023DA0CE900EE84D6 /* paint.jpg */; };
		52B17F2523DD83C3007B5084 /* SegnmentedCell.swift in Sources */ = {isa = PBXBuildFile; fileRef = 52B17F2423DD83C3007B5084 /* SegnmentedCell.swift */; };
		52B1A2BD23E674D700C1C0F5 /* AddCollectionVC.swift in Sources */ = {isa = PBXBuildFile; fileRef = 52B1A2BC23E674D700C1C0F5 /* AddCollectionVC.swift */; };
		52B1A2C423E6847E00C1C0F5 /* SwappyCell.swift in Sources */ = {isa = PBXBuildFile; fileRef = 52B1A2C323E6847E00C1C0F5 /* SwappyCell.swift */; };
		52B1A2C723E6875B00C1C0F5 /* ExploreCell.swift in Sources */ = {isa = PBXBuildFile; fileRef = 52B1A2C623E6875B00C1C0F5 /* ExploreCell.swift */; };
		52D42EC123DEF81C00F0FB6C /* UserInfoCell.swift in Sources */ = {isa = PBXBuildFile; fileRef = 52D42EC023DEF81C00F0FB6C /* UserInfoCell.swift */; };
		52D42EC323DF154600F0FB6C /* EditUserProfileVC.swift in Sources */ = {isa = PBXBuildFile; fileRef = 52D42EC223DF154600F0FB6C /* EditUserProfileVC.swift */; };
/* End PBXBuildFile section */

/* Begin PBXFileReference section */
		524FC30723DC7B3100DF2BF2 /* CollectionsCell.swift */ = {isa = PBXFileReference; lastKnownFileType = sourcecode.swift; path = CollectionsCell.swift; sourceTree = "<group>"; };
		524FC30923DC7BF200DF2BF2 /* Extensions.swift */ = {isa = PBXFileReference; lastKnownFileType = sourcecode.swift; path = Extensions.swift; sourceTree = "<group>"; };
		524FC30C23DCB43600DF2BF2 /* SwapVC.swift */ = {isa = PBXFileReference; lastKnownFileType = sourcecode.swift; path = SwapVC.swift; sourceTree = "<group>"; };
		524FC30E23DCB47400DF2BF2 /* ExploreVC.swift */ = {isa = PBXFileReference; lastKnownFileType = sourcecode.swift; path = ExploreVC.swift; sourceTree = "<group>"; };
		524FC31023DCB66100DF2BF2 /* TabController.swift */ = {isa = PBXFileReference; lastKnownFileType = sourcecode.swift; path = TabController.swift; sourceTree = "<group>"; };
		52873A0F23D9CC6E00E0617F /* swapIt.app */ = {isa = PBXFileReference; explicitFileType = wrapper.application; includeInIndex = 0; path = swapIt.app; sourceTree = BUILT_PRODUCTS_DIR; };
		52873A1223D9CC6E00E0617F /* AppDelegate.swift */ = {isa = PBXFileReference; lastKnownFileType = sourcecode.swift; path = AppDelegate.swift; sourceTree = "<group>"; };
		52873A1423D9CC6E00E0617F /* SceneDelegate.swift */ = {isa = PBXFileReference; lastKnownFileType = sourcecode.swift; path = SceneDelegate.swift; sourceTree = "<group>"; };
		52873A1623D9CC6E00E0617F /* LoginVC.swift */ = {isa = PBXFileReference; lastKnownFileType = sourcecode.swift; path = LoginVC.swift; sourceTree = "<group>"; };
		52873A1B23D9CC6F00E0617F /* Assets.xcassets */ = {isa = PBXFileReference; lastKnownFileType = folder.assetcatalog; path = Assets.xcassets; sourceTree = "<group>"; };
		52873A1E23D9CC6F00E0617F /* Base */ = {isa = PBXFileReference; lastKnownFileType = file.storyboard; name = Base; path = Base.lproj/LaunchScreen.storyboard; sourceTree = "<group>"; };
		52873A2023D9CC6F00E0617F /* Info.plist */ = {isa = PBXFileReference; lastKnownFileType = text.plist.xml; path = Info.plist; sourceTree = "<group>"; };
		5297F88E23DB33D50018CFC7 /* SignupVC.swift */ = {isa = PBXFileReference; lastKnownFileType = sourcecode.swift; path = SignupVC.swift; sourceTree = "<group>"; };
		5297F89023DB49410018CFC7 /* MainVC.swift */ = {isa = PBXFileReference; lastKnownFileType = sourcecode.swift; path = MainVC.swift; sourceTree = "<group>"; };
		5297F89223DB69490018CFC7 /* millie.jpg */ = {isa = PBXFileReference; lastKnownFileType = image.jpeg; path = millie.jpg; sourceTree = "<group>"; };
		5297F89423DB6CFF0018CFC7 /* UserProfileVC.swift */ = {isa = PBXFileReference; lastKnownFileType = sourcecode.swift; path = UserProfileVC.swift; sourceTree = "<group>"; };
		529A4E4723D9FB9E00EE84D6 /* Billabong.ttf */ = {isa = PBXFileReference; lastKnownFileType = file; path = Billabong.ttf; sourceTree = "<group>"; };
		529A4E4923D9FBAC00EE84D6 /* BunchBlossomsPersonalUse-0nA4.ttf */ = {isa = PBXFileReference; lastKnownFileType = file; path = "BunchBlossomsPersonalUse-0nA4.ttf"; sourceTree = "<group>"; };
		529A4E4C23DA047500EE84D6 /* balance.jpg */ = {isa = PBXFileReference; lastKnownFileType = image.jpeg; path = balance.jpg; sourceTree = "<group>"; };
		529A4E4E23DA0CDE00EE84D6 /* AbstractDark.jpg */ = {isa = PBXFileReference; lastKnownFileType = image.jpeg; path = AbstractDark.jpg; sourceTree = "<group>"; };
		529A4E5023DA0CE900EE84D6 /* paint.jpg */ = {isa = PBXFileReference; lastKnownFileType = image.jpeg; path = paint.jpg; sourceTree = "<group>"; };
		52B17F2423DD83C3007B5084 /* SegnmentedCell.swift */ = {isa = PBXFileReference; lastKnownFileType = sourcecode.swift; path = SegnmentedCell.swift; sourceTree = "<group>"; };
		52B1A2BC23E674D700C1C0F5 /* AddCollectionVC.swift */ = {isa = PBXFileReference; lastKnownFileType = sourcecode.swift; path = AddCollectionVC.swift; sourceTree = "<group>"; };
		52B1A2C323E6847E00C1C0F5 /* SwappyCell.swift */ = {isa = PBXFileReference; lastKnownFileType = sourcecode.swift; path = SwappyCell.swift; sourceTree = "<group>"; };
		52B1A2C623E6875B00C1C0F5 /* ExploreCell.swift */ = {isa = PBXFileReference; lastKnownFileType = sourcecode.swift; path = ExploreCell.swift; sourceTree = "<group>"; };
		52D42EC023DEF81C00F0FB6C /* UserInfoCell.swift */ = {isa = PBXFileReference; lastKnownFileType = sourcecode.swift; path = UserInfoCell.swift; sourceTree = "<group>"; };
		52D42EC223DF154600F0FB6C /* EditUserProfileVC.swift */ = {isa = PBXFileReference; lastKnownFileType = sourcecode.swift; path = EditUserProfileVC.swift; sourceTree = "<group>"; };
/* End PBXFileReference section */

/* Begin PBXFrameworksBuildPhase section */
		52873A0C23D9CC6E00E0617F /* Frameworks */ = {
			isa = PBXFrameworksBuildPhase;
			buildActionMask = 2147483647;
			files = (
				52873A2823D9D02E00E0617F /* LBTATools in Frameworks */,
			);
			runOnlyForDeploymentPostprocessing = 0;
		};
/* End PBXFrameworksBuildPhase section */

/* Begin PBXGroup section */
		524FC30B23DC7BF900DF2BF2 /* utils */ = {
			isa = PBXGroup;
			children = (
				524FC30923DC7BF200DF2BF2 /* Extensions.swift */,
			);
			path = utils;
			sourceTree = "<group>";
		};
		52873A0623D9CC6E00E0617F = {
			isa = PBXGroup;
			children = (
				52873A1123D9CC6E00E0617F /* swapIt */,
				52873A1023D9CC6E00E0617F /* Products */,
			);
			sourceTree = "<group>";
		};
		52873A1023D9CC6E00E0617F /* Products */ = {
			isa = PBXGroup;
			children = (
				52873A0F23D9CC6E00E0617F /* swapIt.app */,
			);
			name = Products;
			sourceTree = "<group>";
		};
		52873A1123D9CC6E00E0617F /* swapIt */ = {
			isa = PBXGroup;
			children = (
				52873A1223D9CC6E00E0617F /* AppDelegate.swift */,
				52873A1423D9CC6E00E0617F /* SceneDelegate.swift */,
				524FC30B23DC7BF900DF2BF2 /* utils */,
				52873A2923D9F66700E0617F /* fonts */,
				529A4E4B23DA046900EE84D6 /* Images */,
				5297F88C23DB330F0018CFC7 /* Model */,
				5297F88D23DB33170018CFC7 /* View */,
				5297F88B23DB32F70018CFC7 /* Controller */,
				52873A1B23D9CC6F00E0617F /* Assets.xcassets */,
				52873A1D23D9CC6F00E0617F /* LaunchScreen.storyboard */,
				52873A2023D9CC6F00E0617F /* Info.plist */,
			);
			path = swapIt;
			sourceTree = "<group>";
		};
		52873A2923D9F66700E0617F /* fonts */ = {
			isa = PBXGroup;
			children = (
				529A4E4923D9FBAC00EE84D6 /* BunchBlossomsPersonalUse-0nA4.ttf */,
				529A4E4723D9FB9E00EE84D6 /* Billabong.ttf */,
			);
			path = fonts;
			sourceTree = "<group>";
		};
		5297F88B23DB32F70018CFC7 /* Controller */ = {
			isa = PBXGroup;
			children = (
				524FC31023DCB66100DF2BF2 /* TabController.swift */,
				52873A1623D9CC6E00E0617F /* LoginVC.swift */,
				5297F88E23DB33D50018CFC7 /* SignupVC.swift */,
				52B1A2BB23E6736800C1C0F5 /* HomeTab */,
				52B1A2BE23E67D8A00C1C0F5 /* SwappyTab */,
				52B1A2C123E67E8400C1C0F5 /* ExploreTab */,
			);
			path = Controller;
			sourceTree = "<group>";
		};
		5297F88C23DB330F0018CFC7 /* Model */ = {
			isa = PBXGroup;
			children = (
			);
			path = Model;
			sourceTree = "<group>";
		};
		5297F88D23DB33170018CFC7 /* View */ = {
			isa = PBXGroup;
			children = (
				52B1A2C523E6873100C1C0F5 /* ExploreView */,
				52B1A2C223E6841100C1C0F5 /* SwappyView */,
				524FC30723DC7B3100DF2BF2 /* CollectionsCell.swift */,
				52B17F2423DD83C3007B5084 /* SegnmentedCell.swift */,
				52D42EC023DEF81C00F0FB6C /* UserInfoCell.swift */,
			);
			path = View;
			sourceTree = "<group>";
		};
		529A4E4B23DA046900EE84D6 /* Images */ = {
			isa = PBXGroup;
			children = (
				5297F89223DB69490018CFC7 /* millie.jpg */,
				529A4E4E23DA0CDE00EE84D6 /* AbstractDark.jpg */,
				529A4E5023DA0CE900EE84D6 /* paint.jpg */,
				529A4E4C23DA047500EE84D6 /* balance.jpg */,
			);
			path = Images;
			sourceTree = "<group>";
		};
		52B1A2BB23E6736800C1C0F5 /* HomeTab */ = {
			isa = PBXGroup;
			children = (
				5297F89023DB49410018CFC7 /* MainVC.swift */,
				5297F89423DB6CFF0018CFC7 /* UserProfileVC.swift */,
				52D42EC223DF154600F0FB6C /* EditUserProfileVC.swift */,
				52B1A2BC23E674D700C1C0F5 /* AddCollectionVC.swift */,
			);
			path = HomeTab;
			sourceTree = "<group>";
		};
		52B1A2BE23E67D8A00C1C0F5 /* SwappyTab */ = {
			isa = PBXGroup;
			children = (
				524FC30C23DCB43600DF2BF2 /* SwapVC.swift */,
			);
			path = SwappyTab;
			sourceTree = "<group>";
		};
		52B1A2C123E67E8400C1C0F5 /* ExploreTab */ = {
			isa = PBXGroup;
			children = (
				524FC30E23DCB47400DF2BF2 /* ExploreVC.swift */,
			);
			path = ExploreTab;
			sourceTree = "<group>";
		};
		52B1A2C223E6841100C1C0F5 /* SwappyView */ = {
			isa = PBXGroup;
			children = (
				52B1A2C323E6847E00C1C0F5 /* SwappyCell.swift */,
			);
			path = SwappyView;
			sourceTree = "<group>";
		};
		52B1A2C523E6873100C1C0F5 /* ExploreView */ = {
			isa = PBXGroup;
			children = (
				52B1A2C623E6875B00C1C0F5 /* ExploreCell.swift */,
			);
			path = ExploreView;
			sourceTree = "<group>";
		};
/* End PBXGroup section */

/* Begin PBXNativeTarget section */
		52873A0E23D9CC6E00E0617F /* swapIt */ = {
			isa = PBXNativeTarget;
			buildConfigurationList = 52873A2323D9CC6F00E0617F /* Build configuration list for PBXNativeTarget "swapIt" */;
			buildPhases = (
				52873A0B23D9CC6E00E0617F /* Sources */,
				52873A0C23D9CC6E00E0617F /* Frameworks */,
				52873A0D23D9CC6E00E0617F /* Resources */,
			);
			buildRules = (
			);
			dependencies = (
			);
			name = swapIt;
			packageProductDependencies = (
				52873A2723D9D02E00E0617F /* LBTATools */,
			);
			productName = swapIt;
			productReference = 52873A0F23D9CC6E00E0617F /* swapIt.app */;
			productType = "com.apple.product-type.application";
		};
/* End PBXNativeTarget section */

/* Begin PBXProject section */
		52873A0723D9CC6E00E0617F /* Project object */ = {
			isa = PBXProject;
			attributes = {
				LastSwiftUpdateCheck = 1120;
				LastUpgradeCheck = 1120;
				ORGANIZATIONNAME = "Valter Andre Machado";
				TargetAttributes = {
					52873A0E23D9CC6E00E0617F = {
						CreatedOnToolsVersion = 11.2.1;
					};
				};
			};
			buildConfigurationList = 52873A0A23D9CC6E00E0617F /* Build configuration list for PBXProject "swapIt" */;
			compatibilityVersion = "Xcode 9.3";
			developmentRegion = en;
			hasScannedForEncodings = 0;
			knownRegions = (
				en,
				Base,
			);
			mainGroup = 52873A0623D9CC6E00E0617F;
			packageReferences = (
				52873A2623D9D02E00E0617F /* XCRemoteSwiftPackageReference "LBTATools" */,
			);
			productRefGroup = 52873A1023D9CC6E00E0617F /* Products */;
			projectDirPath = "";
			projectRoot = "";
			targets = (
				52873A0E23D9CC6E00E0617F /* swapIt */,
			);
		};
/* End PBXProject section */

/* Begin PBXResourcesBuildPhase section */
		52873A0D23D9CC6E00E0617F /* Resources */ = {
			isa = PBXResourcesBuildPhase;
			buildActionMask = 2147483647;
			files = (
				5297F89323DB694A0018CFC7 /* millie.jpg in Resources */,
				529A4E4F23DA0CDE00EE84D6 /* AbstractDark.jpg in Resources */,
				529A4E5123DA0CE900EE84D6 /* paint.jpg in Resources */,
				529A4E4A23D9FBAC00EE84D6 /* BunchBlossomsPersonalUse-0nA4.ttf in Resources */,
				529A4E4823D9FB9E00EE84D6 /* Billabong.ttf in Resources */,
				52873A1F23D9CC6F00E0617F /* LaunchScreen.storyboard in Resources */,
				529A4E4D23DA047500EE84D6 /* balance.jpg in Resources */,
				52873A1C23D9CC6F00E0617F /* Assets.xcassets in Resources */,
			);
			runOnlyForDeploymentPostprocessing = 0;
		};
/* End PBXResourcesBuildPhase section */

/* Begin PBXSourcesBuildPhase section */
		52873A0B23D9CC6E00E0617F /* Sources */ = {
			isa = PBXSourcesBuildPhase;
			buildActionMask = 2147483647;
			files = (
				5297F89523DB6CFF0018CFC7 /* UserProfileVC.swift in Sources */,
				5297F88F23DB33D50018CFC7 /* SignupVC.swift in Sources */,
				52D42EC123DEF81C00F0FB6C /* UserInfoCell.swift in Sources */,
				524FC30F23DCB47400DF2BF2 /* ExploreVC.swift in Sources */,
				524FC30823DC7B3100DF2BF2 /* CollectionsCell.swift in Sources */,
				524FC31123DCB66100DF2BF2 /* TabController.swift in Sources */,
				52B1A2BD23E674D700C1C0F5 /* AddCollectionVC.swift in Sources */,
				52B1A2C723E6875B00C1C0F5 /* ExploreCell.swift in Sources */,
				52B17F2523DD83C3007B5084 /* SegnmentedCell.swift in Sources */,
				524FC30D23DCB43600DF2BF2 /* SwapVC.swift in Sources */,
				52B1A2C423E6847E00C1C0F5 /* SwappyCell.swift in Sources */,
				524FC30A23DC7BF200DF2BF2 /* Extensions.swift in Sources */,
				5297F89123DB49410018CFC7 /* MainVC.swift in Sources */,
				52873A1723D9CC6E00E0617F /* LoginVC.swift in Sources */,
				52D42EC323DF154600F0FB6C /* EditUserProfileVC.swift in Sources */,
				52873A1323D9CC6E00E0617F /* AppDelegate.swift in Sources */,
				52873A1523D9CC6E00E0617F /* SceneDelegate.swift in Sources */,
			);
			runOnlyForDeploymentPostprocessing = 0;
		};
/* End PBXSourcesBuildPhase section */

/* Begin PBXVariantGroup section */
		52873A1D23D9CC6F00E0617F /* LaunchScreen.storyboard */ = {
			isa = PBXVariantGroup;
			children = (
				52873A1E23D9CC6F00E0617F /* Base */,
			);
			name = LaunchScreen.storyboard;
			sourceTree = "<group>";
		};
/* End PBXVariantGroup section */

/* Begin XCBuildConfiguration section */
		52873A2123D9CC6F00E0617F /* Debug */ = {
			isa = XCBuildConfiguration;
			buildSettings = {
				ALWAYS_SEARCH_USER_PATHS = NO;
				CLANG_ANALYZER_NONNULL = YES;
				CLANG_ANALYZER_NUMBER_OBJECT_CONVERSION = YES_AGGRESSIVE;
				CLANG_CXX_LANGUAGE_STANDARD = "gnu++14";
				CLANG_CXX_LIBRARY = "libc++";
				CLANG_ENABLE_MODULES = YES;
				CLANG_ENABLE_OBJC_ARC = YES;
				CLANG_ENABLE_OBJC_WEAK = YES;
				CLANG_WARN_BLOCK_CAPTURE_AUTORELEASING = YES;
				CLANG_WARN_BOOL_CONVERSION = YES;
				CLANG_WARN_COMMA = YES;
				CLANG_WARN_CONSTANT_CONVERSION = YES;
				CLANG_WARN_DEPRECATED_OBJC_IMPLEMENTATIONS = YES;
				CLANG_WARN_DIRECT_OBJC_ISA_USAGE = YES_ERROR;
				CLANG_WARN_DOCUMENTATION_COMMENTS = YES;
				CLANG_WARN_EMPTY_BODY = YES;
				CLANG_WARN_ENUM_CONVERSION = YES;
				CLANG_WARN_INFINITE_RECURSION = YES;
				CLANG_WARN_INT_CONVERSION = YES;
				CLANG_WARN_NON_LITERAL_NULL_CONVERSION = YES;
				CLANG_WARN_OBJC_IMPLICIT_RETAIN_SELF = YES;
				CLANG_WARN_OBJC_LITERAL_CONVERSION = YES;
				CLANG_WARN_OBJC_ROOT_CLASS = YES_ERROR;
				CLANG_WARN_RANGE_LOOP_ANALYSIS = YES;
				CLANG_WARN_STRICT_PROTOTYPES = YES;
				CLANG_WARN_SUSPICIOUS_MOVE = YES;
				CLANG_WARN_UNGUARDED_AVAILABILITY = YES_AGGRESSIVE;
				CLANG_WARN_UNREACHABLE_CODE = YES;
				CLANG_WARN__DUPLICATE_METHOD_MATCH = YES;
				COPY_PHASE_STRIP = NO;
				DEBUG_INFORMATION_FORMAT = dwarf;
				ENABLE_STRICT_OBJC_MSGSEND = YES;
				ENABLE_TESTABILITY = YES;
				GCC_C_LANGUAGE_STANDARD = gnu11;
				GCC_DYNAMIC_NO_PIC = NO;
				GCC_NO_COMMON_BLOCKS = YES;
				GCC_OPTIMIZATION_LEVEL = 0;
				GCC_PREPROCESSOR_DEFINITIONS = (
					"DEBUG=1",
					"$(inherited)",
				);
				GCC_WARN_64_TO_32_BIT_CONVERSION = YES;
				GCC_WARN_ABOUT_RETURN_TYPE = YES_ERROR;
				GCC_WARN_UNDECLARED_SELECTOR = YES;
				GCC_WARN_UNINITIALIZED_AUTOS = YES_AGGRESSIVE;
				GCC_WARN_UNUSED_FUNCTION = YES;
				GCC_WARN_UNUSED_VARIABLE = YES;
				IPHONEOS_DEPLOYMENT_TARGET = 13.2;
				MTL_ENABLE_DEBUG_INFO = INCLUDE_SOURCE;
				MTL_FAST_MATH = YES;
				ONLY_ACTIVE_ARCH = YES;
				SDKROOT = iphoneos;
				SWIFT_ACTIVE_COMPILATION_CONDITIONS = DEBUG;
				SWIFT_OPTIMIZATION_LEVEL = "-Onone";
			};
			name = Debug;
		};
		52873A2223D9CC6F00E0617F /* Release */ = {
			isa = XCBuildConfiguration;
			buildSettings = {
				ALWAYS_SEARCH_USER_PATHS = NO;
				CLANG_ANALYZER_NONNULL = YES;
				CLANG_ANALYZER_NUMBER_OBJECT_CONVERSION = YES_AGGRESSIVE;
				CLANG_CXX_LANGUAGE_STANDARD = "gnu++14";
				CLANG_CXX_LIBRARY = "libc++";
				CLANG_ENABLE_MODULES = YES;
				CLANG_ENABLE_OBJC_ARC = YES;
				CLANG_ENABLE_OBJC_WEAK = YES;
				CLANG_WARN_BLOCK_CAPTURE_AUTORELEASING = YES;
				CLANG_WARN_BOOL_CONVERSION = YES;
				CLANG_WARN_COMMA = YES;
				CLANG_WARN_CONSTANT_CONVERSION = YES;
				CLANG_WARN_DEPRECATED_OBJC_IMPLEMENTATIONS = YES;
				CLANG_WARN_DIRECT_OBJC_ISA_USAGE = YES_ERROR;
				CLANG_WARN_DOCUMENTATION_COMMENTS = YES;
				CLANG_WARN_EMPTY_BODY = YES;
				CLANG_WARN_ENUM_CONVERSION = YES;
				CLANG_WARN_INFINITE_RECURSION = YES;
				CLANG_WARN_INT_CONVERSION = YES;
				CLANG_WARN_NON_LITERAL_NULL_CONVERSION = YES;
				CLANG_WARN_OBJC_IMPLICIT_RETAIN_SELF = YES;
				CLANG_WARN_OBJC_LITERAL_CONVERSION = YES;
				CLANG_WARN_OBJC_ROOT_CLASS = YES_ERROR;
				CLANG_WARN_RANGE_LOOP_ANALYSIS = YES;
				CLANG_WARN_STRICT_PROTOTYPES = YES;
				CLANG_WARN_SUSPICIOUS_MOVE = YES;
				CLANG_WARN_UNGUARDED_AVAILABILITY = YES_AGGRESSIVE;
				CLANG_WARN_UNREACHABLE_CODE = YES;
				CLANG_WARN__DUPLICATE_METHOD_MATCH = YES;
				COPY_PHASE_STRIP = NO;
				DEBUG_INFORMATION_FORMAT = "dwarf-with-dsym";
				ENABLE_NS_ASSERTIONS = NO;
				ENABLE_STRICT_OBJC_MSGSEND = YES;
				GCC_C_LANGUAGE_STANDARD = gnu11;
				GCC_NO_COMMON_BLOCKS = YES;
				GCC_WARN_64_TO_32_BIT_CONVERSION = YES;
				GCC_WARN_ABOUT_RETURN_TYPE = YES_ERROR;
				GCC_WARN_UNDECLARED_SELECTOR = YES;
				GCC_WARN_UNINITIALIZED_AUTOS = YES_AGGRESSIVE;
				GCC_WARN_UNUSED_FUNCTION = YES;
				GCC_WARN_UNUSED_VARIABLE = YES;
				IPHONEOS_DEPLOYMENT_TARGET = 13.2;
				MTL_ENABLE_DEBUG_INFO = NO;
				MTL_FAST_MATH = YES;
				SDKROOT = iphoneos;
				SWIFT_COMPILATION_MODE = wholemodule;
				SWIFT_OPTIMIZATION_LEVEL = "-O";
				VALIDATE_PRODUCT = YES;
			};
			name = Release;
		};
		52873A2423D9CC6F00E0617F /* Debug */ = {
			isa = XCBuildConfiguration;
			buildSettings = {
				ASSETCATALOG_COMPILER_APPICON_NAME = AppIcon;
				CODE_SIGN_STYLE = Automatic;
				DEVELOPMENT_TEAM = P2QGR75A2K;
				INFOPLIST_FILE = swapIt/Info.plist;
				IPHONEOS_DEPLOYMENT_TARGET = 13.2;
				LD_RUNPATH_SEARCH_PATHS = (
					"$(inherited)",
					"@executable_path/Frameworks",
				);
				PRODUCT_BUNDLE_IDENTIFIER = com.valterandremachado.swapIt;
				PRODUCT_NAME = "$(TARGET_NAME)";
				SWIFT_VERSION = 5.0;
				TARGETED_DEVICE_FAMILY = 1;
			};
			name = Debug;
		};
		52873A2523D9CC6F00E0617F /* Release */ = {
			isa = XCBuildConfiguration;
			buildSettings = {
				ASSETCATALOG_COMPILER_APPICON_NAME = AppIcon;
				CODE_SIGN_STYLE = Automatic;
				DEVELOPMENT_TEAM = P2QGR75A2K;
				INFOPLIST_FILE = swapIt/Info.plist;
				IPHONEOS_DEPLOYMENT_TARGET = 13.2;
				LD_RUNPATH_SEARCH_PATHS = (
					"$(inherited)",
					"@executable_path/Frameworks",
				);
				PRODUCT_BUNDLE_IDENTIFIER = com.valterandremachado.swapIt;
				PRODUCT_NAME = "$(TARGET_NAME)";
				SWIFT_VERSION = 5.0;
				TARGETED_DEVICE_FAMILY = 1;
			};
			name = Release;
		};
/* End XCBuildConfiguration section */

/* Begin XCConfigurationList section */
		52873A0A23D9CC6E00E0617F /* Build configuration list for PBXProject "swapIt" */ = {
			isa = XCConfigurationList;
			buildConfigurations = (
				52873A2123D9CC6F00E0617F /* Debug */,
				52873A2223D9CC6F00E0617F /* Release */,
			);
			defaultConfigurationIsVisible = 0;
			defaultConfigurationName = Release;
		};
		52873A2323D9CC6F00E0617F /* Build configuration list for PBXNativeTarget "swapIt" */ = {
			isa = XCConfigurationList;
			buildConfigurations = (
				52873A2423D9CC6F00E0617F /* Debug */,
				52873A2523D9CC6F00E0617F /* Release */,
			);
			defaultConfigurationIsVisible = 0;
			defaultConfigurationName = Release;
		};
/* End XCConfigurationList section */

/* Begin XCRemoteSwiftPackageReference section */
		52873A2623D9D02E00E0617F /* XCRemoteSwiftPackageReference "LBTATools" */ = {
			isa = XCRemoteSwiftPackageReference;
			repositoryURL = "https://github.com/bhlvoong/LBTATools";
			requirement = {
				kind = upToNextMajorVersion;
				minimumVersion = 1.0.17;
			};
		};
/* End XCRemoteSwiftPackageReference section */

/* Begin XCSwiftPackageProductDependency section */
		52873A2723D9D02E00E0617F /* LBTATools */ = {
			isa = XCSwiftPackageProductDependency;
			package = 52873A2623D9D02E00E0617F /* XCRemoteSwiftPackageReference "LBTATools" */;
			productName = LBTATools;
		};
/* End XCSwiftPackageProductDependency section */
	};
	rootObject = 52873A0723D9CC6E00E0617F /* Project object */;
}
